
Microsoft Visual Studio Solution File, Format Version 12.00
# Visual Studio Version 16
VisualStudioVersion = 16.0.29519.181
MinimumVisualStudioVersion = 10.0.40219.1
Project("{FAE04EC0-301F-11D3-BF4B-00C04F79EFBC}") = "Shop", "Shop.csproj", "{22C54517-7D63-493C-BC5A-C14219FA6B3D}"
EndProject
Global
	GlobalSection(SolutionConfigurationPlatforms) = preSolution
		Debug|Any CPU = Debug|Any CPU
		Release|Any CPU = Release|Any CPU
	EndGlobalSection
	GlobalSection(ProjectConfigurationPlatforms) = postSolution
		{22C54517-7D63-493C-BC5A-C14219FA6B3D}.Debug|Any CPU.ActiveCfg = Debug|Any CPU
		{22C54517-7D63-493C-BC5A-C14219FA6B3D}.Debug|Any CPU.Build.0 = Debug|Any CPU
		{22C54517-7D63-493C-BC5A-C14219FA6B3D}.Release|Any CPU.ActiveCfg = Release|Any CPU
		{22C54517-7D63-493C-BC5A-C14219FA6B3D}.Release|Any CPU.Build.0 = Release|Any CPU
	EndGlobalSection
	GlobalSection(SolutionProperties) = preSolution
		HideSolutionNode = FALSE
	EndGlobalSection
	GlobalSection(ExtensibilityGlobals) = postSolution
		SolutionGuid = {C8B4CBC4-936D-4A58-8055-0D41F62486F3}
	EndGlobalSection
EndGlobal
